
Microsoft Visual Studio Solution File, Format Version 12.00
# Visual Studio Version 17
VisualStudioVersion = 17.7.34202.233
MinimumVisualStudioVersion = 10.0.40219.1
Project("{2150E333-8FDC-42A3-9474-1A3956D46DE8}") = "src", "src", "{41C76825-B86C-47EE-A463-8A4928A1085F}"
EndProject
Project("{2150E333-8FDC-42A3-9474-1A3956D46DE8}") = "tests", "tests", "{D0126D63-D4CF-430D-81A7-ECB00B663C67}"
EndProject
Project("{FAE04EC0-301F-11D3-BF4B-00C04F79EFBC}") = "CSharp.ValueObjectsCollection", "src\CSharp.ValueObjectsCollection\CSharp.ValueObjectsCollection.csproj", "{9AA30EFC-625E-4EA1-9D07-9DAD719C3FC8}"
EndProject
Project("{FAE04EC0-301F-11D3-BF4B-00C04F79EFBC}") = "CSharp.ValueObjectsCollection.UnitTests", "tests\CSharp.ValueObjectsCollection.UnitTests\CSharp.ValueObjectsCollection.UnitTests.csproj", "{669EC1F8-3982-4397-A315-59EF1958CC28}"
EndProject
Global
	GlobalSection(SolutionConfigurationPlatforms) = preSolution
		Debug|Any CPU = Debug|Any CPU
		Release|Any CPU = Release|Any CPU
	EndGlobalSection
	GlobalSection(ProjectConfigurationPlatforms) = postSolution
		{9AA30EFC-625E-4EA1-9D07-9DAD719C3FC8}.Debug|Any CPU.ActiveCfg = Debug|Any CPU
		{9AA30EFC-625E-4EA1-9D07-9DAD719C3FC8}.Debug|Any CPU.Build.0 = Debug|Any CPU
		{9AA30EFC-625E-4EA1-9D07-9DAD719C3FC8}.Release|Any CPU.ActiveCfg = Release|Any CPU
		{9AA30EFC-625E-4EA1-9D07-9DAD719C3FC8}.Release|Any CPU.Build.0 = Release|Any CPU
		{669EC1F8-3982-4397-A315-59EF1958CC28}.Debug|Any CPU.ActiveCfg = Debug|Any CPU
		{669EC1F8-3982-4397-A315-59EF1958CC28}.Debug|Any CPU.Build.0 = Debug|Any CPU
		{669EC1F8-3982-4397-A315-59EF1958CC28}.Release|Any CPU.ActiveCfg = Release|Any CPU
		{669EC1F8-3982-4397-A315-59EF1958CC28}.Release|Any CPU.Build.0 = Release|Any CPU
	EndGlobalSection
	GlobalSection(SolutionProperties) = preSolution
		HideSolutionNode = FALSE
	EndGlobalSection
	GlobalSection(NestedProjects) = preSolution
		{9AA30EFC-625E-4EA1-9D07-9DAD719C3FC8} = {41C76825-B86C-47EE-A463-8A4928A1085F}
		{669EC1F8-3982-4397-A315-59EF1958CC28} = {D0126D63-D4CF-430D-81A7-ECB00B663C67}
	EndGlobalSection
	GlobalSection(ExtensibilityGlobals) = postSolution
		SolutionGuid = {70F752A3-FCC7-4D70-9556-F4EAA49C99FC}
	EndGlobalSection
EndGlobal
